// !$*UTF8*$!
{
	archiveVersion = 1;
	classes = {
	};
	objectVersion = 46;
	objects = {

/* Begin PBXBuildFile section */
		18086C772079C5E60000E020 /* Status.swift in Sources */ = {isa = PBXBuildFile; fileRef = 18086C762079C5E60000E020 /* Status.swift */; };
		18185BCB20624BBA009CC289 /* UIImageView+Extension.swift in Sources */ = {isa = PBXBuildFile; fileRef = 18185BCA20624BBA009CC289 /* UIImageView+Extension.swift */; };
		18185BCF20624C10009CC289 /* UILabel+Extension.swift in Sources */ = {isa = PBXBuildFile; fileRef = 18185BCE20624C10009CC289 /* UILabel+Extension.swift */; };
		18185BD120624C45009CC289 /* WelcomeViewController.swift in Sources */ = {isa = PBXBuildFile; fileRef = 18185BD020624C45009CC289 /* WelcomeViewController.swift */; };
		182F8B4E1FE0EA1300F00F76 /* NewFeatureViewController.swift in Sources */ = {isa = PBXBuildFile; fileRef = 182F8B4D1FE0EA1300F00F76 /* NewFeatureViewController.swift */; };
		1884A2692074648E00B14788 /* Common.swift in Sources */ = {isa = PBXBuildFile; fileRef = 1884A2682074648E00B14788 /* Common.swift */; };
		189584F81FAAD12B00E4A8B5 /* UserAccountViewModel.swift in Sources */ = {isa = PBXBuildFile; fileRef = 189584F71FAAD12B00E4A8B5 /* UserAccountViewModel.swift */; };
		18A59F181FA1881D00B19ADE /* UserAccount.swift in Sources */ = {isa = PBXBuildFile; fileRef = 18A59F171FA1881D00B19ADE /* UserAccount.swift */; };
		18BFBA95207DA23F004E0713 /* StatusListViewModel.swift in Sources */ = {isa = PBXBuildFile; fileRef = 18BFBA94207DA23F004E0713 /* StatusListViewModel.swift */; };
		18C387BF1F96FD9D00E70595 /* OAuthViewController.swift in Sources */ = {isa = PBXBuildFile; fileRef = 18C387BE1F96FD9D00E70595 /* OAuthViewController.swift */; };
		18F97FAE1F8DC9EA00B18669 /* NetworkTools.swift in Sources */ = {isa = PBXBuildFile; fileRef = 18F97FAD1F8DC9EA00B18669 /* NetworkTools.swift */; };
		3F8ABE911F68D50E00D9E4D5 /* AppDelegate.swift in Sources */ = {isa = PBXBuildFile; fileRef = 3F8ABE901F68D50E00D9E4D5 /* AppDelegate.swift */; };
		3F8ABE931F68D50E00D9E4D5 /* ViewController.swift in Sources */ = {isa = PBXBuildFile; fileRef = 3F8ABE921F68D50E00D9E4D5 /* ViewController.swift */; };
		3F8ABE961F68D50E00D9E4D5 /* Main.storyboard in Resources */ = {isa = PBXBuildFile; fileRef = 3F8ABE941F68D50E00D9E4D5 /* Main.storyboard */; };
		3F8ABE981F68D50E00D9E4D5 /* Assets.xcassets in Resources */ = {isa = PBXBuildFile; fileRef = 3F8ABE971F68D50E00D9E4D5 /* Assets.xcassets */; };
		3F8ABE9B1F68D50E00D9E4D5 /* LaunchScreen.storyboard in Resources */ = {isa = PBXBuildFile; fileRef = 3F8ABE991F68D50E00D9E4D5 /* LaunchScreen.storyboard */; };
		3F8ABEA61F68D50E00D9E4D5 /* WeiTests.swift in Sources */ = {isa = PBXBuildFile; fileRef = 3F8ABEA51F68D50E00D9E4D5 /* WeiTests.swift */; };
		3F8ABEB11F68D50E00D9E4D5 /* WeiUITests.swift in Sources */ = {isa = PBXBuildFile; fileRef = 3F8ABEB01F68D50E00D9E4D5 /* WeiUITests.swift */; };
		3F8ABECB1F68D61C00D9E4D5 /* MainViewController.swift in Sources */ = {isa = PBXBuildFile; fileRef = 3F8ABECA1F68D61C00D9E4D5 /* MainViewController.swift */; };
		3F8ABECD1F68D65800D9E4D5 /* HomeTableViewController.swift in Sources */ = {isa = PBXBuildFile; fileRef = 3F8ABECC1F68D65800D9E4D5 /* HomeTableViewController.swift */; };
		3F8ABECF1F68D67C00D9E4D5 /* DiscoverTableViewController.swift in Sources */ = {isa = PBXBuildFile; fileRef = 3F8ABECE1F68D67C00D9E4D5 /* DiscoverTableViewController.swift */; };
		3F8ABED11F68D68D00D9E4D5 /* MessageTableViewController.swift in Sources */ = {isa = PBXBuildFile; fileRef = 3F8ABED01F68D68D00D9E4D5 /* MessageTableViewController.swift */; };
		3F8ABED31F68D69E00D9E4D5 /* ProfileTableViewController.swift in Sources */ = {isa = PBXBuildFile; fileRef = 3F8ABED21F68D69E00D9E4D5 /* ProfileTableViewController.swift */; };
		3FB2C5011F6A2B7600CC6E57 /* UIButton+Extension.swift in Sources */ = {isa = PBXBuildFile; fileRef = 3FB2C5001F6A2B7600CC6E57 /* UIButton+Extension.swift */; };
		3FC8CBF21F720A5F00E07694 /* VisitorTableViewController.swift in Sources */ = {isa = PBXBuildFile; fileRef = 3FC8CBF11F720A5F00E07694 /* VisitorTableViewController.swift */; };
		3FC8CBF61F720EA400E07694 /* VisitorView.swift in Sources */ = {isa = PBXBuildFile; fileRef = 3FC8CBF51F720EA400E07694 /* VisitorView.swift */; };
		6B6B1C9190651AF118681682 /* Pods_Wei.framework in Frameworks */ = {isa = PBXBuildFile; fileRef = DED1A99DF087773B90B8968B /* Pods_Wei.framework */; };
/* End PBXBuildFile section */

/* Begin PBXContainerItemProxy section */
		3F8ABEA21F68D50E00D9E4D5 /* PBXContainerItemProxy */ = {
			isa = PBXContainerItemProxy;
			containerPortal = 3F8ABE851F68D50E00D9E4D5 /* Project object */;
			proxyType = 1;
			remoteGlobalIDString = 3F8ABE8C1F68D50E00D9E4D5;
			remoteInfo = Wei;
		};
		3F8ABEAD1F68D50E00D9E4D5 /* PBXContainerItemProxy */ = {
			isa = PBXContainerItemProxy;
			containerPortal = 3F8ABE851F68D50E00D9E4D5 /* Project object */;
			proxyType = 1;
			remoteGlobalIDString = 3F8ABE8C1F68D50E00D9E4D5;
			remoteInfo = Wei;
		};
/* End PBXContainerItemProxy section */

/* Begin PBXFileReference section */
		18086C762079C5E60000E020 /* Status.swift */ = {isa = PBXFileReference; fileEncoding = 4; lastKnownFileType = sourcecode.swift; path = Status.swift; sourceTree = "<group>"; };
		18185BCA20624BBA009CC289 /* UIImageView+Extension.swift */ = {isa = PBXFileReference; fileEncoding = 4; lastKnownFileType = sourcecode.swift; path = "UIImageView+Extension.swift"; sourceTree = "<group>"; };
		18185BCE20624C10009CC289 /* UILabel+Extension.swift */ = {isa = PBXFileReference; fileEncoding = 4; lastKnownFileType = sourcecode.swift; path = "UILabel+Extension.swift"; sourceTree = "<group>"; };
		18185BD020624C45009CC289 /* WelcomeViewController.swift */ = {isa = PBXFileReference; fileEncoding = 4; lastKnownFileType = sourcecode.swift; path = WelcomeViewController.swift; sourceTree = "<group>"; };
		182F8B4D1FE0EA1300F00F76 /* NewFeatureViewController.swift */ = {isa = PBXFileReference; fileEncoding = 4; lastKnownFileType = sourcecode.swift; path = NewFeatureViewController.swift; sourceTree = "<group>"; };
		1884A2682074648E00B14788 /* Common.swift */ = {isa = PBXFileReference; fileEncoding = 4; lastKnownFileType = sourcecode.swift; path = Common.swift; sourceTree = "<group>"; };
		189584F71FAAD12B00E4A8B5 /* UserAccountViewModel.swift */ = {isa = PBXFileReference; fileEncoding = 4; lastKnownFileType = sourcecode.swift; path = UserAccountViewModel.swift; sourceTree = "<group>"; };
		18A59F171FA1881D00B19ADE /* UserAccount.swift */ = {isa = PBXFileReference; fileEncoding = 4; lastKnownFileType = sourcecode.swift; path = UserAccount.swift; sourceTree = "<group>"; };
		18BFBA94207DA23F004E0713 /* StatusListViewModel.swift */ = {isa = PBXFileReference; fileEncoding = 4; lastKnownFileType = sourcecode.swift; path = StatusListViewModel.swift; sourceTree = "<group>"; };
		18C387BE1F96FD9D00E70595 /* OAuthViewController.swift */ = {isa = PBXFileReference; fileEncoding = 4; lastKnownFileType = sourcecode.swift; path = OAuthViewController.swift; sourceTree = "<group>"; };
		18F97FAD1F8DC9EA00B18669 /* NetworkTools.swift */ = {isa = PBXFileReference; fileEncoding = 4; lastKnownFileType = sourcecode.swift; path = NetworkTools.swift; sourceTree = "<group>"; };
		3E963B88956A52F810E00B1B /* Pods-Wei.release.xcconfig */ = {isa = PBXFileReference; includeInIndex = 1; lastKnownFileType = text.xcconfig; name = "Pods-Wei.release.xcconfig"; path = "Pods/Target Support Files/Pods-Wei/Pods-Wei.release.xcconfig"; sourceTree = "<group>"; };
		3F8ABE8D1F68D50E00D9E4D5 /* Wei.app */ = {isa = PBXFileReference; explicitFileType = wrapper.application; includeInIndex = 0; path = Wei.app; sourceTree = BUILT_PRODUCTS_DIR; };
		3F8ABE901F68D50E00D9E4D5 /* AppDelegate.swift */ = {isa = PBXFileReference; lastKnownFileType = sourcecode.swift; path = AppDelegate.swift; sourceTree = "<group>"; };
		3F8ABE921F68D50E00D9E4D5 /* ViewController.swift */ = {isa = PBXFileReference; lastKnownFileType = sourcecode.swift; path = ViewController.swift; sourceTree = "<group>"; };
		3F8ABE951F68D50E00D9E4D5 /* Base */ = {isa = PBXFileReference; lastKnownFileType = file.storyboard; name = Base; path = Base.lproj/Main.storyboard; sourceTree = "<group>"; };
		3F8ABE971F68D50E00D9E4D5 /* Assets.xcassets */ = {isa = PBXFileReference; lastKnownFileType = folder.assetcatalog; path = Assets.xcassets; sourceTree = "<group>"; };
		3F8ABE9A1F68D50E00D9E4D5 /* Base */ = {isa = PBXFileReference; lastKnownFileType = file.storyboard; name = Base; path = Base.lproj/LaunchScreen.storyboard; sourceTree = "<group>"; };
		3F8ABE9C1F68D50E00D9E4D5 /* Info.plist */ = {isa = PBXFileReference; lastKnownFileType = text.plist.xml; path = Info.plist; sourceTree = "<group>"; };
		3F8ABEA11F68D50E00D9E4D5 /* WeiTests.xctest */ = {isa = PBXFileReference; explicitFileType = wrapper.cfbundle; includeInIndex = 0; path = WeiTests.xctest; sourceTree = BUILT_PRODUCTS_DIR; };
		3F8ABEA51F68D50E00D9E4D5 /* WeiTests.swift */ = {isa = PBXFileReference; lastKnownFileType = sourcecode.swift; path = WeiTests.swift; sourceTree = "<group>"; };
		3F8ABEA71F68D50E00D9E4D5 /* Info.plist */ = {isa = PBXFileReference; lastKnownFileType = text.plist.xml; path = Info.plist; sourceTree = "<group>"; };
		3F8ABEAC1F68D50E00D9E4D5 /* WeiUITests.xctest */ = {isa = PBXFileReference; explicitFileType = wrapper.cfbundle; includeInIndex = 0; path = WeiUITests.xctest; sourceTree = BUILT_PRODUCTS_DIR; };
		3F8ABEB01F68D50E00D9E4D5 /* WeiUITests.swift */ = {isa = PBXFileReference; lastKnownFileType = sourcecode.swift; path = WeiUITests.swift; sourceTree = "<group>"; };
		3F8ABEB21F68D50F00D9E4D5 /* Info.plist */ = {isa = PBXFileReference; lastKnownFileType = text.plist.xml; path = Info.plist; sourceTree = "<group>"; };
		3F8ABECA1F68D61C00D9E4D5 /* MainViewController.swift */ = {isa = PBXFileReference; fileEncoding = 4; lastKnownFileType = sourcecode.swift; path = MainViewController.swift; sourceTree = "<group>"; };
		3F8ABECC1F68D65800D9E4D5 /* HomeTableViewController.swift */ = {isa = PBXFileReference; fileEncoding = 4; lastKnownFileType = sourcecode.swift; path = HomeTableViewController.swift; sourceTree = "<group>"; };
		3F8ABECE1F68D67C00D9E4D5 /* DiscoverTableViewController.swift */ = {isa = PBXFileReference; fileEncoding = 4; lastKnownFileType = sourcecode.swift; path = DiscoverTableViewController.swift; sourceTree = "<group>"; };
		3F8ABED01F68D68D00D9E4D5 /* MessageTableViewController.swift */ = {isa = PBXFileReference; fileEncoding = 4; lastKnownFileType = sourcecode.swift; path = MessageTableViewController.swift; sourceTree = "<group>"; };
		3F8ABED21F68D69E00D9E4D5 /* ProfileTableViewController.swift */ = {isa = PBXFileReference; fileEncoding = 4; lastKnownFileType = sourcecode.swift; path = ProfileTableViewController.swift; sourceTree = "<group>"; };
		3FB2C5001F6A2B7600CC6E57 /* UIButton+Extension.swift */ = {isa = PBXFileReference; fileEncoding = 4; lastKnownFileType = sourcecode.swift; path = "UIButton+Extension.swift"; sourceTree = "<group>"; };
		3FC8CBF11F720A5F00E07694 /* VisitorTableViewController.swift */ = {isa = PBXFileReference; fileEncoding = 4; lastKnownFileType = sourcecode.swift; path = VisitorTableViewController.swift; sourceTree = "<group>"; };
		3FC8CBF51F720EA400E07694 /* VisitorView.swift */ = {isa = PBXFileReference; fileEncoding = 4; lastKnownFileType = sourcecode.swift; path = VisitorView.swift; sourceTree = "<group>"; };
		6367AF3F2CA4F4AA585AF241 /* Pods-Wei.debug.xcconfig */ = {isa = PBXFileReference; includeInIndex = 1; lastKnownFileType = text.xcconfig; name = "Pods-Wei.debug.xcconfig"; path = "Pods/Target Support Files/Pods-Wei/Pods-Wei.debug.xcconfig"; sourceTree = "<group>"; };
		DED1A99DF087773B90B8968B /* Pods_Wei.framework */ = {isa = PBXFileReference; explicitFileType = wrapper.framework; includeInIndex = 0; path = Pods_Wei.framework; sourceTree = BUILT_PRODUCTS_DIR; };
/* End PBXFileReference section */

/* Begin PBXFrameworksBuildPhase section */
		3F8ABE8A1F68D50E00D9E4D5 /* Frameworks */ = {
			isa = PBXFrameworksBuildPhase;
			buildActionMask = 2147483647;
			files = (
				6B6B1C9190651AF118681682 /* Pods_Wei.framework in Frameworks */,
			);
			runOnlyForDeploymentPostprocessing = 0;
		};
		3F8ABE9E1F68D50E00D9E4D5 /* Frameworks */ = {
			isa = PBXFrameworksBuildPhase;
			buildActionMask = 2147483647;
			files = (
			);
			runOnlyForDeploymentPostprocessing = 0;
		};
		3F8ABEA91F68D50E00D9E4D5 /* Frameworks */ = {
			isa = PBXFrameworksBuildPhase;
			buildActionMask = 2147483647;
			files = (
			);
			runOnlyForDeploymentPostprocessing = 0;
		};
/* End PBXFrameworksBuildPhase section */

/* Begin PBXGroup section */
		1855D4112061F3C00047915F /* NewFeature */ = {
			isa = PBXGroup;
			children = (
				18185BD020624C45009CC289 /* WelcomeViewController.swift */,
			);
			name = NewFeature;
			sourceTree = "<group>";
		};
		18C387BD1F96FD6C00E70595 /* OAuth */ = {
			isa = PBXGroup;
			children = (
				18C387BE1F96FD9D00E70595 /* OAuthViewController.swift */,
			);
			name = OAuth;
			sourceTree = "<group>";
		};
		3F8ABE841F68D50E00D9E4D5 = {
			isa = PBXGroup;
			children = (
				3F8ABE8F1F68D50E00D9E4D5 /* Wei */,
				3F8ABEA41F68D50E00D9E4D5 /* WeiTests */,
				3F8ABEAF1F68D50E00D9E4D5 /* WeiUITests */,
				3F8ABE8E1F68D50E00D9E4D5 /* Products */,
				8F176D9CA84B127AC7048F10 /* Pods */,
				82C5E36AAABB5A4AB064E688 /* Frameworks */,
			);
			sourceTree = "<group>";
		};
		3F8ABE8E1F68D50E00D9E4D5 /* Products */ = {
			isa = PBXGroup;
			children = (
				3F8ABE8D1F68D50E00D9E4D5 /* Wei.app */,
				3F8ABEA11F68D50E00D9E4D5 /* WeiTests.xctest */,
				3F8ABEAC1F68D50E00D9E4D5 /* WeiUITests.xctest */,
			);
			name = Products;
			sourceTree = "<group>";
		};
		3F8ABE8F1F68D50E00D9E4D5 /* Wei */ = {
			isa = PBXGroup;
			children = (
				3F8ABEBE1F68D5A300D9E4D5 /* classes */,
				3F8ABE901F68D50E00D9E4D5 /* AppDelegate.swift */,
				3F8ABE921F68D50E00D9E4D5 /* ViewController.swift */,
				3F8ABE941F68D50E00D9E4D5 /* Main.storyboard */,
				3F8ABE971F68D50E00D9E4D5 /* Assets.xcassets */,
				3F8ABE991F68D50E00D9E4D5 /* LaunchScreen.storyboard */,
				3F8ABE9C1F68D50E00D9E4D5 /* Info.plist */,
			);
			path = Wei;
			sourceTree = "<group>";
		};
		3F8ABEA41F68D50E00D9E4D5 /* WeiTests */ = {
			isa = PBXGroup;
			children = (
				3F8ABEA51F68D50E00D9E4D5 /* WeiTests.swift */,
				3F8ABEA71F68D50E00D9E4D5 /* Info.plist */,
			);
			path = WeiTests;
			sourceTree = "<group>";
		};
		3F8ABEAF1F68D50E00D9E4D5 /* WeiUITests */ = {
			isa = PBXGroup;
			children = (
				3F8ABEB01F68D50E00D9E4D5 /* WeiUITests.swift */,
				3F8ABEB21F68D50F00D9E4D5 /* Info.plist */,
			);
			path = WeiUITests;
			sourceTree = "<group>";
		};
		3F8ABEBE1F68D5A300D9E4D5 /* classes */ = {
			isa = PBXGroup;
			children = (
				3F8ABEBF1F68D5A300D9E4D5 /* Model */,
				3F8ABEC01F68D5A300D9E4D5 /* Tools */,
				3F8ABEC11F68D5A300D9E4D5 /* View */,
				3F8ABEC71F68D5A300D9E4D5 /* ViewModel */,
			);
			path = classes;
			sourceTree = "<group>";
		};
		3F8ABEBF1F68D5A300D9E4D5 /* Model */ = {
			isa = PBXGroup;
			children = (
				18A59F171FA1881D00B19ADE /* UserAccount.swift */,
				18086C762079C5E60000E020 /* Status.swift */,
			);
			path = Model;
			sourceTree = "<group>";
		};
		3F8ABEC01F68D5A300D9E4D5 /* Tools */ = {
			isa = PBXGroup;
			children = (
				3FB2C4FF1F6A2B3700CC6E57 /* Extension */,
				18F97FAD1F8DC9EA00B18669 /* NetworkTools.swift */,
				1884A2682074648E00B14788 /* Common.swift */,
			);
			path = Tools;
			sourceTree = "<group>";
		};
		3F8ABEC11F68D5A300D9E4D5 /* View */ = {
			isa = PBXGroup;
			children = (
				1855D4112061F3C00047915F /* NewFeature */,
				18C387BD1F96FD6C00E70595 /* OAuth */,
				3F8ABEC21F68D5A300D9E4D5 /* Discover */,
				3F8ABEC31F68D5A300D9E4D5 /* Home */,
				3F8ABEC41F68D5A300D9E4D5 /* Main */,
				3F8ABEC51F68D5A300D9E4D5 /* Message */,
				3F8ABEC61F68D5A300D9E4D5 /* Profile */,
			);
			path = View;
			sourceTree = "<group>";
		};
		3F8ABEC21F68D5A300D9E4D5 /* Discover */ = {
			isa = PBXGroup;
			children = (
				3F8ABECE1F68D67C00D9E4D5 /* DiscoverTableViewController.swift */,
			);
			path = Discover;
			sourceTree = "<group>";
		};
		3F8ABEC31F68D5A300D9E4D5 /* Home */ = {
			isa = PBXGroup;
			children = (
				3F8ABECC1F68D65800D9E4D5 /* HomeTableViewController.swift */,
			);
			path = Home;
			sourceTree = "<group>";
		};
		3F8ABEC41F68D5A300D9E4D5 /* Main */ = {
			isa = PBXGroup;
			children = (
				182F8B4D1FE0EA1300F00F76 /* NewFeatureViewController.swift */,
				3FC8CBF01F720A2A00E07694 /* Visitor */,
				3F8ABECA1F68D61C00D9E4D5 /* MainViewController.swift */,
			);
			path = Main;
			sourceTree = "<group>";
		};
		3F8ABEC51F68D5A300D9E4D5 /* Message */ = {
			isa = PBXGroup;
			children = (
				3F8ABED01F68D68D00D9E4D5 /* MessageTableViewController.swift */,
			);
			path = Message;
			sourceTree = "<group>";
		};
		3F8ABEC61F68D5A300D9E4D5 /* Profile */ = {
			isa = PBXGroup;
			children = (
				3F8ABED21F68D69E00D9E4D5 /* ProfileTableViewController.swift */,
			);
			path = Profile;
			sourceTree = "<group>";
		};
		3F8ABEC71F68D5A300D9E4D5 /* ViewModel */ = {
			isa = PBXGroup;
			children = (
				189584F71FAAD12B00E4A8B5 /* UserAccountViewModel.swift */,
				18BFBA94207DA23F004E0713 /* StatusListViewModel.swift */,
			);
			path = ViewModel;
			sourceTree = "<group>";
		};
		3FB2C4FF1F6A2B3700CC6E57 /* Extension */ = {
			isa = PBXGroup;
			children = (
				3FB2C5001F6A2B7600CC6E57 /* UIButton+Extension.swift */,
				18185BCA20624BBA009CC289 /* UIImageView+Extension.swift */,
				18185BCE20624C10009CC289 /* UILabel+Extension.swift */,
			);
			name = Extension;
			sourceTree = "<group>";
		};
		3FC8CBF01F720A2A00E07694 /* Visitor */ = {
			isa = PBXGroup;
			children = (
				3FC8CBF11F720A5F00E07694 /* VisitorTableViewController.swift */,
				3FC8CBF51F720EA400E07694 /* VisitorView.swift */,
			);
			name = Visitor;
			sourceTree = "<group>";
		};
		82C5E36AAABB5A4AB064E688 /* Frameworks */ = {
			isa = PBXGroup;
			children = (
				DED1A99DF087773B90B8968B /* Pods_Wei.framework */,
			);
			name = Frameworks;
			sourceTree = "<group>";
		};
		8F176D9CA84B127AC7048F10 /* Pods */ = {
			isa = PBXGroup;
			children = (
				6367AF3F2CA4F4AA585AF241 /* Pods-Wei.debug.xcconfig */,
				3E963B88956A52F810E00B1B /* Pods-Wei.release.xcconfig */,
			);
			name = Pods;
			sourceTree = "<group>";
		};
/* End PBXGroup section */

/* Begin PBXNativeTarget section */
		3F8ABE8C1F68D50E00D9E4D5 /* Wei */ = {
			isa = PBXNativeTarget;
			buildConfigurationList = 3F8ABEB51F68D50F00D9E4D5 /* Build configuration list for PBXNativeTarget "Wei" */;
			buildPhases = (
				F2903C7DE662B47993C7BDF6 /* [CP] Check Pods Manifest.lock */,
				3F8ABE891F68D50E00D9E4D5 /* Sources */,
				3F8ABE8A1F68D50E00D9E4D5 /* Frameworks */,
				3F8ABE8B1F68D50E00D9E4D5 /* Resources */,
				4DC1D598BC9C11A35F2B5422 /* [CP] Embed Pods Frameworks */,
				3C774E12381BAA1B515F4A2F /* [CP] Copy Pods Resources */,
			);
			buildRules = (
			);
			dependencies = (
			);
			name = Wei;
			productName = Wei;
			productReference = 3F8ABE8D1F68D50E00D9E4D5 /* Wei.app */;
			productType = "com.apple.product-type.application";
		};
		3F8ABEA01F68D50E00D9E4D5 /* WeiTests */ = {
			isa = PBXNativeTarget;
			buildConfigurationList = 3F8ABEB81F68D50F00D9E4D5 /* Build configuration list for PBXNativeTarget "WeiTests" */;
			buildPhases = (
				3F8ABE9D1F68D50E00D9E4D5 /* Sources */,
				3F8ABE9E1F68D50E00D9E4D5 /* Frameworks */,
				3F8ABE9F1F68D50E00D9E4D5 /* Resources */,
			);
			buildRules = (
			);
			dependencies = (
				3F8ABEA31F68D50E00D9E4D5 /* PBXTargetDependency */,
			);
			name = WeiTests;
			productName = WeiTests;
			productReference = 3F8ABEA11F68D50E00D9E4D5 /* WeiTests.xctest */;
			productType = "com.apple.product-type.bundle.unit-test";
		};
		3F8ABEAB1F68D50E00D9E4D5 /* WeiUITests */ = {
			isa = PBXNativeTarget;
			buildConfigurationList = 3F8ABEBB1F68D50F00D9E4D5 /* Build configuration list for PBXNativeTarget "WeiUITests" */;
			buildPhases = (
				3F8ABEA81F68D50E00D9E4D5 /* Sources */,
				3F8ABEA91F68D50E00D9E4D5 /* Frameworks */,
				3F8ABEAA1F68D50E00D9E4D5 /* Resources */,
			);
			buildRules = (
			);
			dependencies = (
				3F8ABEAE1F68D50E00D9E4D5 /* PBXTargetDependency */,
			);
			name = WeiUITests;
			productName = WeiUITests;
			productReference = 3F8ABEAC1F68D50E00D9E4D5 /* WeiUITests.xctest */;
			productType = "com.apple.product-type.bundle.ui-testing";
		};
/* End PBXNativeTarget section */

/* Begin PBXProject section */
		3F8ABE851F68D50E00D9E4D5 /* Project object */ = {
			isa = PBXProject;
			attributes = {
				LastSwiftUpdateCheck = 0820;
				LastUpgradeCheck = 0820;
				ORGANIZATIONNAME = Student;
				TargetAttributes = {
					3F8ABE8C1F68D50E00D9E4D5 = {
						CreatedOnToolsVersion = 8.2.1;
						LastSwiftMigration = 0820;
						ProvisioningStyle = Automatic;
					};
					3F8ABEA01F68D50E00D9E4D5 = {
						CreatedOnToolsVersion = 8.2.1;
						ProvisioningStyle = Automatic;
						TestTargetID = 3F8ABE8C1F68D50E00D9E4D5;
					};
					3F8ABEAB1F68D50E00D9E4D5 = {
						CreatedOnToolsVersion = 8.2.1;
						ProvisioningStyle = Automatic;
						TestTargetID = 3F8ABE8C1F68D50E00D9E4D5;
					};
				};
			};
			buildConfigurationList = 3F8ABE881F68D50E00D9E4D5 /* Build configuration list for PBXProject "Wei" */;
			compatibilityVersion = "Xcode 3.2";
			developmentRegion = English;
			hasScannedForEncodings = 0;
			knownRegions = (
				en,
				Base,
			);
			mainGroup = 3F8ABE841F68D50E00D9E4D5;
			productRefGroup = 3F8ABE8E1F68D50E00D9E4D5 /* Products */;
			projectDirPath = "";
			projectRoot = "";
			targets = (
				3F8ABE8C1F68D50E00D9E4D5 /* Wei */,
				3F8ABEA01F68D50E00D9E4D5 /* WeiTests */,
				3F8ABEAB1F68D50E00D9E4D5 /* WeiUITests */,
			);
		};
/* End PBXProject section */

/* Begin PBXResourcesBuildPhase section */
		3F8ABE8B1F68D50E00D9E4D5 /* Resources */ = {
			isa = PBXResourcesBuildPhase;
			buildActionMask = 2147483647;
			files = (
				3F8ABE9B1F68D50E00D9E4D5 /* LaunchScreen.storyboard in Resources */,
				3F8ABE981F68D50E00D9E4D5 /* Assets.xcassets in Resources */,
				3F8ABE961F68D50E00D9E4D5 /* Main.storyboard in Resources */,
			);
			runOnlyForDeploymentPostprocessing = 0;
		};
		3F8ABE9F1F68D50E00D9E4D5 /* Resources */ = {
			isa = PBXResourcesBuildPhase;
			buildActionMask = 2147483647;
			files = (
			);
			runOnlyForDeploymentPostprocessing = 0;
		};
		3F8ABEAA1F68D50E00D9E4D5 /* Resources */ = {
			isa = PBXResourcesBuildPhase;
			buildActionMask = 2147483647;
			files = (
			);
			runOnlyForDeploymentPostprocessing = 0;
		};
/* End PBXResourcesBuildPhase section */

/* Begin PBXShellScriptBuildPhase section */
		3C774E12381BAA1B515F4A2F /* [CP] Copy Pods Resources */ = {
			isa = PBXShellScriptBuildPhase;
			buildActionMask = 2147483647;
			files = (
			);
			inputPaths = (
			);
			name = "[CP] Copy Pods Resources";
			outputPaths = (
			);
			runOnlyForDeploymentPostprocessing = 0;
			shellPath = /bin/sh;
			shellScript = "\"${SRCROOT}/Pods/Target Support Files/Pods-Wei/Pods-Wei-resources.sh\"\n";
			showEnvVarsInLog = 0;
		};
		4DC1D598BC9C11A35F2B5422 /* [CP] Embed Pods Frameworks */ = {
			isa = PBXShellScriptBuildPhase;
			buildActionMask = 2147483647;
			files = (
			);
			inputPaths = (
				"${SRCROOT}/Pods/Target Support Files/Pods-Wei/Pods-Wei-frameworks.sh",
				"${BUILT_PRODUCTS_DIR}/AFNetworking/AFNetworking.framework",
				"${BUILT_PRODUCTS_DIR}/SDWebImage/SDWebImage.framework",
				"${BUILT_PRODUCTS_DIR}/SVProgressHUD/SVProgressHUD.framework",
				"${BUILT_PRODUCTS_DIR}/SnapKit/SnapKit.framework",
			);
			name = "[CP] Embed Pods Frameworks";
			outputPaths = (
				"${TARGET_BUILD_DIR}/${FRAMEWORKS_FOLDER_PATH}/AFNetworking.framework",
				"${TARGET_BUILD_DIR}/${FRAMEWORKS_FOLDER_PATH}/SDWebImage.framework",
				"${TARGET_BUILD_DIR}/${FRAMEWORKS_FOLDER_PATH}/SVProgressHUD.framework",
				"${TARGET_BUILD_DIR}/${FRAMEWORKS_FOLDER_PATH}/SnapKit.framework",
			);
			runOnlyForDeploymentPostprocessing = 0;
			shellPath = /bin/sh;
			shellScript = "\"${SRCROOT}/Pods/Target Support Files/Pods-Wei/Pods-Wei-frameworks.sh\"\n";
			showEnvVarsInLog = 0;
		};
		F2903C7DE662B47993C7BDF6 /* [CP] Check Pods Manifest.lock */ = {
			isa = PBXShellScriptBuildPhase;
			buildActionMask = 2147483647;
			files = (
			);
			inputPaths = (
				"${PODS_PODFILE_DIR_PATH}/Podfile.lock",
				"${PODS_ROOT}/Manifest.lock",
			);
			name = "[CP] Check Pods Manifest.lock";
			outputPaths = (
				"$(DERIVED_FILE_DIR)/Pods-Wei-checkManifestLockResult.txt",
			);
			runOnlyForDeploymentPostprocessing = 0;
			shellPath = /bin/sh;
			shellScript = "diff \"${PODS_PODFILE_DIR_PATH}/Podfile.lock\" \"${PODS_ROOT}/Manifest.lock\" > /dev/null\nif [ $? != 0 ] ; then\n    # print error to STDERR\n    echo \"error: The sandbox is not in sync with the Podfile.lock. Run 'pod install' or update your CocoaPods installation.\" >&2\n    exit 1\nfi\n# This output is used by Xcode 'outputs' to avoid re-running this script phase.\necho \"SUCCESS\" > \"${SCRIPT_OUTPUT_FILE_0}\"\n";
			showEnvVarsInLog = 0;
		};
/* End PBXShellScriptBuildPhase section */

/* Begin PBXSourcesBuildPhase section */
		3F8ABE891F68D50E00D9E4D5 /* Sources */ = {
			isa = PBXSourcesBuildPhase;
			buildActionMask = 2147483647;
			files = (
				18185BCF20624C10009CC289 /* UILabel+Extension.swift in Sources */,
				3F8ABED31F68D69E00D9E4D5 /* ProfileTableViewController.swift in Sources */,
				18F97FAE1F8DC9EA00B18669 /* NetworkTools.swift in Sources */,
				3F8ABECD1F68D65800D9E4D5 /* HomeTableViewController.swift in Sources */,
				3F8ABECB1F68D61C00D9E4D5 /* MainViewController.swift in Sources */,
				18C387BF1F96FD9D00E70595 /* OAuthViewController.swift in Sources */,
				18A59F181FA1881D00B19ADE /* UserAccount.swift in Sources */,
				3F8ABE931F68D50E00D9E4D5 /* ViewController.swift in Sources */,
				189584F81FAAD12B00E4A8B5 /* UserAccountViewModel.swift in Sources */,
				18185BD120624C45009CC289 /* WelcomeViewController.swift in Sources */,
				3F8ABECF1F68D67C00D9E4D5 /* DiscoverTableViewController.swift in Sources */,
				18086C772079C5E60000E020 /* Status.swift in Sources */,
				3FB2C5011F6A2B7600CC6E57 /* UIButton+Extension.swift in Sources */,
				18185BCB20624BBA009CC289 /* UIImageView+Extension.swift in Sources */,
				18BFBA95207DA23F004E0713 /* StatusListViewModel.swift in Sources */,
				3FC8CBF21F720A5F00E07694 /* VisitorTableViewController.swift in Sources */,
				3FC8CBF61F720EA400E07694 /* VisitorView.swift in Sources */,
				1884A2692074648E00B14788 /* Common.swift in Sources */,
				3F8ABED11F68D68D00D9E4D5 /* MessageTableViewController.swift in Sources */,
				182F8B4E1FE0EA1300F00F76 /* NewFeatureViewController.swift in Sources */,
				3F8ABE911F68D50E00D9E4D5 /* AppDelegate.swift in Sources */,
			);
			runOnlyForDeploymentPostprocessing = 0;
		};
		3F8ABE9D1F68D50E00D9E4D5 /* Sources */ = {
			isa = PBXSourcesBuildPhase;
			buildActionMask = 2147483647;
			files = (
				3F8ABEA61F68D50E00D9E4D5 /* WeiTests.swift in Sources */,
			);
			runOnlyForDeploymentPostprocessing = 0;
		};
		3F8ABEA81F68D50E00D9E4D5 /* Sources */ = {
			isa = PBXSourcesBuildPhase;
			buildActionMask = 2147483647;
			files = (
				3F8ABEB11F68D50E00D9E4D5 /* WeiUITests.swift in Sources */,
			);
			runOnlyForDeploymentPostprocessing = 0;
		};
/* End PBXSourcesBuildPhase section */

/* Begin PBXTargetDependency section */
		3F8ABEA31F68D50E00D9E4D5 /* PBXTargetDependency */ = {
			isa = PBXTargetDependency;
			target = 3F8ABE8C1F68D50E00D9E4D5 /* Wei */;
			targetProxy = 3F8ABEA21F68D50E00D9E4D5 /* PBXContainerItemProxy */;
		};
		3F8ABEAE1F68D50E00D9E4D5 /* PBXTargetDependency */ = {
			isa = PBXTargetDependency;
			target = 3F8ABE8C1F68D50E00D9E4D5 /* Wei */;
			targetProxy = 3F8ABEAD1F68D50E00D9E4D5 /* PBXContainerItemProxy */;
		};
/* End PBXTargetDependency section */

/* Begin PBXVariantGroup section */
		3F8ABE941F68D50E00D9E4D5 /* Main.storyboard */ = {
			isa = PBXVariantGroup;
			children = (
				3F8ABE951F68D50E00D9E4D5 /* Base */,
			);
			name = Main.storyboard;
			sourceTree = "<group>";
		};
		3F8ABE991F68D50E00D9E4D5 /* LaunchScreen.storyboard */ = {
			isa = PBXVariantGroup;
			children = (
				3F8ABE9A1F68D50E00D9E4D5 /* Base */,
			);
			name = LaunchScreen.storyboard;
			sourceTree = "<group>";
		};
/* End PBXVariantGroup section */

/* Begin XCBuildConfiguration section */
		3F8ABEB31F68D50F00D9E4D5 /* Debug */ = {
			isa = XCBuildConfiguration;
			buildSettings = {
				ALWAYS_SEARCH_USER_PATHS = NO;
				CLANG_ANALYZER_NONNULL = YES;
				CLANG_CXX_LANGUAGE_STANDARD = "gnu++0x";
				CLANG_CXX_LIBRARY = "libc++";
				CLANG_ENABLE_MODULES = YES;
				CLANG_ENABLE_OBJC_ARC = YES;
				CLANG_WARN_BOOL_CONVERSION = YES;
				CLANG_WARN_CONSTANT_CONVERSION = YES;
				CLANG_WARN_DIRECT_OBJC_ISA_USAGE = YES_ERROR;
				CLANG_WARN_DOCUMENTATION_COMMENTS = YES;
				CLANG_WARN_EMPTY_BODY = YES;
				CLANG_WARN_ENUM_CONVERSION = YES;
				CLANG_WARN_INFINITE_RECURSION = YES;
				CLANG_WARN_INT_CONVERSION = YES;
				CLANG_WARN_OBJC_ROOT_CLASS = YES_ERROR;
				CLANG_WARN_SUSPICIOUS_MOVE = YES;
				CLANG_WARN_UNREACHABLE_CODE = YES;
				CLANG_WARN__DUPLICATE_METHOD_MATCH = YES;
				"CODE_SIGN_IDENTITY[sdk=iphoneos*]" = "iPhone Developer";
				COPY_PHASE_STRIP = NO;
				DEBUG_INFORMATION_FORMAT = dwarf;
				ENABLE_STRICT_OBJC_MSGSEND = YES;
				ENABLE_TESTABILITY = YES;
				GCC_C_LANGUAGE_STANDARD = gnu99;
				GCC_DYNAMIC_NO_PIC = NO;
				GCC_NO_COMMON_BLOCKS = YES;
				GCC_OPTIMIZATION_LEVEL = 0;
				GCC_PREPROCESSOR_DEFINITIONS = (
					"DEBUG=1",
					"$(inherited)",
				);
				GCC_WARN_64_TO_32_BIT_CONVERSION = YES;
				GCC_WARN_ABOUT_RETURN_TYPE = YES_ERROR;
				GCC_WARN_UNDECLARED_SELECTOR = YES;
				GCC_WARN_UNINITIALIZED_AUTOS = YES_AGGRESSIVE;
				GCC_WARN_UNUSED_FUNCTION = YES;
				GCC_WARN_UNUSED_VARIABLE = YES;
				IPHONEOS_DEPLOYMENT_TARGET = 10.2;
				MTL_ENABLE_DEBUG_INFO = YES;
				ONLY_ACTIVE_ARCH = YES;
				SDKROOT = iphoneos;
				SWIFT_ACTIVE_COMPILATION_CONDITIONS = DEBUG;
				SWIFT_OPTIMIZATION_LEVEL = "-Onone";
			};
			name = Debug;
		};
		3F8ABEB41F68D50F00D9E4D5 /* Release */ = {
			isa = XCBuildConfiguration;
			buildSettings = {
				ALWAYS_SEARCH_USER_PATHS = NO;
				CLANG_ANALYZER_NONNULL = YES;
				CLANG_CXX_LANGUAGE_STANDARD = "gnu++0x";
				CLANG_CXX_LIBRARY = "libc++";
				CLANG_ENABLE_MODULES = YES;
				CLANG_ENABLE_OBJC_ARC = YES;
				CLANG_WARN_BOOL_CONVERSION = YES;
				CLANG_WARN_CONSTANT_CONVERSION = YES;
				CLANG_WARN_DIRECT_OBJC_ISA_USAGE = YES_ERROR;
				CLANG_WARN_DOCUMENTATION_COMMENTS = YES;
				CLANG_WARN_EMPTY_BODY = YES;
				CLANG_WARN_ENUM_CONVERSION = YES;
				CLANG_WARN_INFINITE_RECURSION = YES;
				CLANG_WARN_INT_CONVERSION = YES;
				CLANG_WARN_OBJC_ROOT_CLASS = YES_ERROR;
				CLANG_WARN_SUSPICIOUS_MOVE = YES;
				CLANG_WARN_UNREACHABLE_CODE = YES;
				CLANG_WARN__DUPLICATE_METHOD_MATCH = YES;
				"CODE_SIGN_IDENTITY[sdk=iphoneos*]" = "iPhone Developer";
				COPY_PHASE_STRIP = NO;
				DEBUG_INFORMATION_FORMAT = "dwarf-with-dsym";
				ENABLE_NS_ASSERTIONS = NO;
				ENABLE_STRICT_OBJC_MSGSEND = YES;
				GCC_C_LANGUAGE_STANDARD = gnu99;
				GCC_NO_COMMON_BLOCKS = YES;
				GCC_WARN_64_TO_32_BIT_CONVERSION = YES;
				GCC_WARN_ABOUT_RETURN_TYPE = YES_ERROR;
				GCC_WARN_UNDECLARED_SELECTOR = YES;
				GCC_WARN_UNINITIALIZED_AUTOS = YES_AGGRESSIVE;
				GCC_WARN_UNUSED_FUNCTION = YES;
				GCC_WARN_UNUSED_VARIABLE = YES;
				IPHONEOS_DEPLOYMENT_TARGET = 10.2;
				MTL_ENABLE_DEBUG_INFO = NO;
				SDKROOT = iphoneos;
				SWIFT_OPTIMIZATION_LEVEL = "-Owholemodule";
				VALIDATE_PRODUCT = YES;
			};
			name = Release;
		};
		3F8ABEB61F68D50F00D9E4D5 /* Debug */ = {
			isa = XCBuildConfiguration;
			baseConfigurationReference = 6367AF3F2CA4F4AA585AF241 /* Pods-Wei.debug.xcconfig */;
			buildSettings = {
				ASSETCATALOG_COMPILER_APPICON_NAME = AppIcon;
				CLANG_ENABLE_MODULES = YES;
				INFOPLIST_FILE = Wei/Info.plist;
				LD_RUNPATH_SEARCH_PATHS = "$(inherited) @executable_path/Frameworks";
				PRODUCT_BUNDLE_IDENTIFIER = you.Wei;
				PRODUCT_NAME = "$(TARGET_NAME)";
				SWIFT_OBJC_BRIDGING_HEADER = "Wei/classes/Model/Wei-Bridging-Header.h";
				SWIFT_OPTIMIZATION_LEVEL = "-Onone";
				SWIFT_VERSION = 3.0;
			};
			name = Debug;
		};
		3F8ABEB71F68D50F00D9E4D5 /* Release */ = {
			isa = XCBuildConfiguration;
			baseConfigurationReference = 3E963B88956A52F810E00B1B /* Pods-Wei.release.xcconfig */;
			buildSettings = {
				ASSETCATALOG_COMPILER_APPICON_NAME = AppIcon;
				CLANG_ENABLE_MODULES = YES;
				INFOPLIST_FILE = Wei/Info.plist;
				LD_RUNPATH_SEARCH_PATHS = "$(inherited) @executable_path/Frameworks";
				PRODUCT_BUNDLE_IDENTIFIER = you.Wei;
				PRODUCT_NAME = "$(TARGET_NAME)";
				SWIFT_OBJC_BRIDGING_HEADER = "Wei/classes/Model/Wei-Bridging-Header.h";
				SWIFT_VERSION = 3.0;
			};
			name = Release;
		};
		3F8ABEB91F68D50F00D9E4D5 /* Debug */ = {
			isa = XCBuildConfiguration;
			buildSettings = {
				ALWAYS_EMBED_SWIFT_STANDARD_LIBRARIES = YES;
				BUNDLE_LOADER = "$(TEST_HOST)";
				INFOPLIST_FILE = WeiTests/Info.plist;
				LD_RUNPATH_SEARCH_PATHS = "$(inherited) @executable_path/Frameworks @loader_path/Frameworks";
				PRODUCT_BUNDLE_IDENTIFIER = you.WeiTests;
				PRODUCT_NAME = "$(TARGET_NAME)";
				SWIFT_VERSION = 3.0;
				TEST_HOST = "$(BUILT_PRODUCTS_DIR)/Wei.app/Wei";
			};
			name = Debug;
		};
		3F8ABEBA1F68D50F00D9E4D5 /* Release */ = {
			isa = XCBuildConfiguration;
			buildSettings = {
				ALWAYS_EMBED_SWIFT_STANDARD_LIBRARIES = YES;
				BUNDLE_LOADER = "$(TEST_HOST)";
				INFOPLIST_FILE = WeiTests/Info.plist;
				LD_RUNPATH_SEARCH_PATHS = "$(inherited) @executable_path/Frameworks @loader_path/Frameworks";
				PRODUCT_BUNDLE_IDENTIFIER = you.WeiTests;
				PRODUCT_NAME = "$(TARGET_NAME)";
				SWIFT_VERSION = 3.0;
				TEST_HOST = "$(BUILT_PRODUCTS_DIR)/Wei.app/Wei";
			};
			name = Release;
		};
		3F8ABEBC1F68D50F00D9E4D5 /* Debug */ = {
			isa = XCBuildConfiguration;
			buildSettings = {
				ALWAYS_EMBED_SWIFT_STANDARD_LIBRARIES = YES;
				INFOPLIST_FILE = WeiUITests/Info.plist;
				LD_RUNPATH_SEARCH_PATHS = "$(inherited) @executable_path/Frameworks @loader_path/Frameworks";
				PRODUCT_BUNDLE_IDENTIFIER = you.WeiUITests;
				PRODUCT_NAME = "$(TARGET_NAME)";
				SWIFT_VERSION = 3.0;
				TEST_TARGET_NAME = Wei;
			};
			name = Debug;
		};
		3F8ABEBD1F68D50F00D9E4D5 /* Release */ = {
			isa = XCBuildConfiguration;
			buildSettings = {
				ALWAYS_EMBED_SWIFT_STANDARD_LIBRARIES = YES;
				INFOPLIST_FILE = WeiUITests/Info.plist;
				LD_RUNPATH_SEARCH_PATHS = "$(inherited) @executable_path/Frameworks @loader_path/Frameworks";
				PRODUCT_BUNDLE_IDENTIFIER = you.WeiUITests;
				PRODUCT_NAME = "$(TARGET_NAME)";
				SWIFT_VERSION = 3.0;
				TEST_TARGET_NAME = Wei;
			};
			name = Release;
		};
/* End XCBuildConfiguration section */

/* Begin XCConfigurationList section */
		3F8ABE881F68D50E00D9E4D5 /* Build configuration list for PBXProject "Wei" */ = {
			isa = XCConfigurationList;
			buildConfigurations = (
				3F8ABEB31F68D50F00D9E4D5 /* Debug */,
				3F8ABEB41F68D50F00D9E4D5 /* Release */,
			);
			defaultConfigurationIsVisible = 0;
			defaultConfigurationName = Release;
		};
		3F8ABEB51F68D50F00D9E4D5 /* Build configuration list for PBXNativeTarget "Wei" */ = {
			isa = XCConfigurationList;
			buildConfigurations = (
				3F8ABEB61F68D50F00D9E4D5 /* Debug */,
				3F8ABEB71F68D50F00D9E4D5 /* Release */,
			);
			defaultConfigurationIsVisible = 0;
			defaultConfigurationName = Release;
		};
		3F8ABEB81F68D50F00D9E4D5 /* Build configuration list for PBXNativeTarget "WeiTests" */ = {
			isa = XCConfigurationList;
			buildConfigurations = (
				3F8ABEB91F68D50F00D9E4D5 /* Debug */,
				3F8ABEBA1F68D50F00D9E4D5 /* Release */,
			);
			defaultConfigurationIsVisible = 0;
			defaultConfigurationName = Release;
		};
		3F8ABEBB1F68D50F00D9E4D5 /* Build configuration list for PBXNativeTarget "WeiUITests" */ = {
			isa = XCConfigurationList;
			buildConfigurations = (
				3F8ABEBC1F68D50F00D9E4D5 /* Debug */,
				3F8ABEBD1F68D50F00D9E4D5 /* Release */,
			);
			defaultConfigurationIsVisible = 0;
			defaultConfigurationName = Release;
		};
/* End XCConfigurationList section */
	};
	rootObject = 3F8ABE851F68D50E00D9E4D5 /* Project object */;
}
